// !$*UTF8*$!
{
	archiveVersion = 1;
	classes = {
	};
	objectVersion = 50;
	objects = {

/* Begin PBXBuildFile section */
		7501DA7F254C4A150096F331 /* AppDelegate.swift in Sources */ = {isa = PBXBuildFile; fileRef = 7501DA7E254C4A150096F331 /* AppDelegate.swift */; };
		7501DA81254C4A150096F331 /* SceneDelegate.swift in Sources */ = {isa = PBXBuildFile; fileRef = 7501DA80254C4A150096F331 /* SceneDelegate.swift */; };
		7501DA83254C4A150096F331 /* ViewController.swift in Sources */ = {isa = PBXBuildFile; fileRef = 7501DA82254C4A150096F331 /* ViewController.swift */; };
		7501DA86254C4A150096F331 /* Main.storyboard in Resources */ = {isa = PBXBuildFile; fileRef = 7501DA84254C4A150096F331 /* Main.storyboard */; };
		7501DA88254C4A180096F331 /* Assets.xcassets in Resources */ = {isa = PBXBuildFile; fileRef = 7501DA87254C4A180096F331 /* Assets.xcassets */; };
		7501DA8B254C4A180096F331 /* LaunchScreen.storyboard in Resources */ = {isa = PBXBuildFile; fileRef = 7501DA89254C4A180096F331 /* LaunchScreen.storyboard */; };
		7501DA96254C4A190096F331 /* SSBU_GuideTests.swift in Sources */ = {isa = PBXBuildFile; fileRef = 7501DA95254C4A190096F331 /* SSBU_GuideTests.swift */; };
		7501DAA1254C4A190096F331 /* SSBU_GuideUITests.swift in Sources */ = {isa = PBXBuildFile; fileRef = 7501DAA0254C4A190096F331 /* SSBU_GuideUITests.swift */; };
		7501DAAF255046080096F331 /* VCM.swift in Sources */ = {isa = PBXBuildFile; fileRef = 7501DAAE255046080096F331 /* VCM.swift */; };
		7501DAB1255046310096F331 /* VCDK.swift in Sources */ = {isa = PBXBuildFile; fileRef = 7501DAB0255046310096F331 /* VCDK.swift */; };
		7501DAB32550464E0096F331 /* VCS.swift in Sources */ = {isa = PBXBuildFile; fileRef = 7501DAB22550464E0096F331 /* VCS.swift */; };
		7501DAB52550467C0096F331 /* VCY.swift in Sources */ = {isa = PBXBuildFile; fileRef = 7501DAB42550467C0096F331 /* VCY.swift */; };
		7501DAB7255046900096F331 /* VCK.swift in Sources */ = {isa = PBXBuildFile; fileRef = 7501DAB6255046900096F331 /* VCK.swift */; };
		7501DAB9255046A10096F331 /* VCP.swift in Sources */ = {isa = PBXBuildFile; fileRef = 7501DAB8255046A10096F331 /* VCP.swift */; };
		7501DABD255046DD0096F331 /* VCL.swift in Sources */ = {isa = PBXBuildFile; fileRef = 7501DABC255046DD0096F331 /* VCL.swift */; };
		7501DABF255048550096F331 /* VCF.swift in Sources */ = {isa = PBXBuildFile; fileRef = 7501DABE255048550096F331 /* VCF.swift */; };
/* End PBXBuildFile section */

/* Begin PBXContainerItemProxy section */
		7501DA92254C4A190096F331 /* PBXContainerItemProxy */ = {
			isa = PBXContainerItemProxy;
			containerPortal = 7501DA73254C4A150096F331 /* Project object */;
			proxyType = 1;
			remoteGlobalIDString = 7501DA7A254C4A150096F331;
			remoteInfo = "SSBU Guide";
		};
		7501DA9D254C4A190096F331 /* PBXContainerItemProxy */ = {
			isa = PBXContainerItemProxy;
			containerPortal = 7501DA73254C4A150096F331 /* Project object */;
			proxyType = 1;
			remoteGlobalIDString = 7501DA7A254C4A150096F331;
			remoteInfo = "SSBU Guide";
		};
/* End PBXContainerItemProxy section */

/* Begin PBXFileReference section */
		7501DA7B254C4A150096F331 /* SSBU Guide.app */ = {isa = PBXFileReference; explicitFileType = wrapper.application; includeInIndex = 0; path = "SSBU Guide.app"; sourceTree = BUILT_PRODUCTS_DIR; };
		7501DA7E254C4A150096F331 /* AppDelegate.swift */ = {isa = PBXFileReference; lastKnownFileType = sourcecode.swift; path = AppDelegate.swift; sourceTree = "<group>"; };
		7501DA80254C4A150096F331 /* SceneDelegate.swift */ = {isa = PBXFileReference; lastKnownFileType = sourcecode.swift; path = SceneDelegate.swift; sourceTree = "<group>"; };
		7501DA82254C4A150096F331 /* ViewController.swift */ = {isa = PBXFileReference; lastKnownFileType = sourcecode.swift; path = ViewController.swift; sourceTree = "<group>"; };
		7501DA85254C4A150096F331 /* Base */ = {isa = PBXFileReference; lastKnownFileType = file.storyboard; name = Base; path = Base.lproj/Main.storyboard; sourceTree = "<group>"; };
		7501DA87254C4A180096F331 /* Assets.xcassets */ = {isa = PBXFileReference; lastKnownFileType = folder.assetcatalog; path = Assets.xcassets; sourceTree = "<group>"; };
		7501DA8A254C4A180096F331 /* Base */ = {isa = PBXFileReference; lastKnownFileType = file.storyboard; name = Base; path = Base.lproj/LaunchScreen.storyboard; sourceTree = "<group>"; };
		7501DA8C254C4A180096F331 /* Info.plist */ = {isa = PBXFileReference; lastKnownFileType = text.plist.xml; path = Info.plist; sourceTree = "<group>"; };
		7501DA91254C4A190096F331 /* SSBU GuideTests.xctest */ = {isa = PBXFileReference; explicitFileType = wrapper.cfbundle; includeInIndex = 0; path = "SSBU GuideTests.xctest"; sourceTree = BUILT_PRODUCTS_DIR; };
		7501DA95254C4A190096F331 /* SSBU_GuideTests.swift */ = {isa = PBXFileReference; lastKnownFileType = sourcecode.swift; path = SSBU_GuideTests.swift; sourceTree = "<group>"; };
		7501DA97254C4A190096F331 /* Info.plist */ = {isa = PBXFileReference; lastKnownFileType = text.plist.xml; path = Info.plist; sourceTree = "<group>"; };
		7501DA9C254C4A190096F331 /* SSBU GuideUITests.xctest */ = {isa = PBXFileReference; explicitFileType = wrapper.cfbundle; includeInIndex = 0; path = "SSBU GuideUITests.xctest"; sourceTree = BUILT_PRODUCTS_DIR; };
		7501DAA0254C4A190096F331 /* SSBU_GuideUITests.swift */ = {isa = PBXFileReference; lastKnownFileType = sourcecode.swift; path = SSBU_GuideUITests.swift; sourceTree = "<group>"; };
		7501DAA2254C4A190096F331 /* Info.plist */ = {isa = PBXFileReference; lastKnownFileType = text.plist.xml; path = Info.plist; sourceTree = "<group>"; };
		7501DAAE255046080096F331 /* VCM.swift */ = {isa = PBXFileReference; lastKnownFileType = sourcecode.swift; path = VCM.swift; sourceTree = "<group>"; };
		7501DAB0255046310096F331 /* VCDK.swift */ = {isa = PBXFileReference; lastKnownFileType = sourcecode.swift; path = VCDK.swift; sourceTree = "<group>"; };
		7501DAB22550464E0096F331 /* VCS.swift */ = {isa = PBXFileReference; lastKnownFileType = sourcecode.swift; path = VCS.swift; sourceTree = "<group>"; };
		7501DAB42550467C0096F331 /* VCY.swift */ = {isa = PBXFileReference; lastKnownFileType = sourcecode.swift; path = VCY.swift; sourceTree = "<group>"; };
		7501DAB6255046900096F331 /* VCK.swift */ = {isa = PBXFileReference; lastKnownFileType = sourcecode.swift; path = VCK.swift; sourceTree = "<group>"; };
		7501DAB8255046A10096F331 /* VCP.swift */ = {isa = PBXFileReference; lastKnownFileType = sourcecode.swift; path = VCP.swift; sourceTree = "<group>"; };
		7501DABC255046DD0096F331 /* VCL.swift */ = {isa = PBXFileReference; lastKnownFileType = sourcecode.swift; path = VCL.swift; sourceTree = "<group>"; };
		7501DABE255048550096F331 /* VCF.swift */ = {isa = PBXFileReference; lastKnownFileType = sourcecode.swift; path = VCF.swift; sourceTree = "<group>"; };
/* End PBXFileReference section */

/* Begin PBXFrameworksBuildPhase section */
		7501DA78254C4A150096F331 /* Frameworks */ = {
			isa = PBXFrameworksBuildPhase;
			buildActionMask = 2147483647;
			files = (
			);
			runOnlyForDeploymentPostprocessing = 0;
		};
		7501DA8E254C4A190096F331 /* Frameworks */ = {
			isa = PBXFrameworksBuildPhase;
			buildActionMask = 2147483647;
			files = (
			);
			runOnlyForDeploymentPostprocessing = 0;
		};
		7501DA99254C4A190096F331 /* Frameworks */ = {
			isa = PBXFrameworksBuildPhase;
			buildActionMask = 2147483647;
			files = (
			);
			runOnlyForDeploymentPostprocessing = 0;
		};
/* End PBXFrameworksBuildPhase section */

/* Begin PBXGroup section */
		7501DA72254C4A150096F331 = {
			isa = PBXGroup;
			children = (
				7501DA7D254C4A150096F331 /* SSBU Guide */,
				7501DA94254C4A190096F331 /* SSBU GuideTests */,
				7501DA9F254C4A190096F331 /* SSBU GuideUITests */,
				7501DA7C254C4A150096F331 /* Products */,
			);
			sourceTree = "<group>";
		};
		7501DA7C254C4A150096F331 /* Products */ = {
			isa = PBXGroup;
			children = (
				7501DA7B254C4A150096F331 /* SSBU Guide.app */,
				7501DA91254C4A190096F331 /* SSBU GuideTests.xctest */,
				7501DA9C254C4A190096F331 /* SSBU GuideUITests.xctest */,
			);
			name = Products;
			sourceTree = "<group>";
		};
		7501DA7D254C4A150096F331 /* SSBU Guide */ = {
			isa = PBXGroup;
			children = (
				7501DA7E254C4A150096F331 /* AppDelegate.swift */,
				7501DA80254C4A150096F331 /* SceneDelegate.swift */,
				7501DA82254C4A150096F331 /* ViewController.swift */,
				7501DA84254C4A150096F331 /* Main.storyboard */,
				7501DAAE255046080096F331 /* VCM.swift */,
				7501DAB0255046310096F331 /* VCDK.swift */,
				7501DABC255046DD0096F331 /* VCL.swift */,
				7501DAB22550464E0096F331 /* VCS.swift */,
				7501DAB42550467C0096F331 /* VCY.swift */,
				7501DAB6255046900096F331 /* VCK.swift */,
				7501DABE255048550096F331 /* VCF.swift */,
				7501DAB8255046A10096F331 /* VCP.swift */,
				7501DA87254C4A180096F331 /* Assets.xcassets */,
				7501DA89254C4A180096F331 /* LaunchScreen.storyboard */,
				7501DA8C254C4A180096F331 /* Info.plist */,
			);
			path = "SSBU Guide";
			sourceTree = "<group>";
		};
		7501DA94254C4A190096F331 /* SSBU GuideTests */ = {
			isa = PBXGroup;
			children = (
				7501DA95254C4A190096F331 /* SSBU_GuideTests.swift */,
				7501DA97254C4A190096F331 /* Info.plist */,
			);
			path = "SSBU GuideTests";
			sourceTree = "<group>";
		};
		7501DA9F254C4A190096F331 /* SSBU GuideUITests */ = {
			isa = PBXGroup;
			children = (
				7501DAA0254C4A190096F331 /* SSBU_GuideUITests.swift */,
				7501DAA2254C4A190096F331 /* Info.plist */,
			);
			path = "SSBU GuideUITests";
			sourceTree = "<group>";
		};
/* End PBXGroup section */

/* Begin PBXNativeTarget section */
		7501DA7A254C4A150096F331 /* SSBU Guide */ = {
			isa = PBXNativeTarget;
			buildConfigurationList = 7501DAA5254C4A190096F331 /* Build configuration list for PBXNativeTarget "SSBU Guide" */;
			buildPhases = (
				7501DA77254C4A150096F331 /* Sources */,
				7501DA78254C4A150096F331 /* Frameworks */,
				7501DA79254C4A150096F331 /* Resources */,
			);
			buildRules = (
			);
			dependencies = (
			);
			name = "SSBU Guide";
			productName = "SSBU Guide";
			productReference = 7501DA7B254C4A150096F331 /* SSBU Guide.app */;
			productType = "com.apple.product-type.application";
		};
		7501DA90254C4A190096F331 /* SSBU GuideTests */ = {
			isa = PBXNativeTarget;
			buildConfigurationList = 7501DAA8254C4A190096F331 /* Build configuration list for PBXNativeTarget "SSBU GuideTests" */;
			buildPhases = (
				7501DA8D254C4A190096F331 /* Sources */,
				7501DA8E254C4A190096F331 /* Frameworks */,
				7501DA8F254C4A190096F331 /* Resources */,
			);
			buildRules = (
			);
			dependencies = (
				7501DA93254C4A190096F331 /* PBXTargetDependency */,
			);
			name = "SSBU GuideTests";
			productName = "SSBU GuideTests";
			productReference = 7501DA91254C4A190096F331 /* SSBU GuideTests.xctest */;
			productType = "com.apple.product-type.bundle.unit-test";
		};
		7501DA9B254C4A190096F331 /* SSBU GuideUITests */ = {
			isa = PBXNativeTarget;
			buildConfigurationList = 7501DAAB254C4A190096F331 /* Build configuration list for PBXNativeTarget "SSBU GuideUITests" */;
			buildPhases = (
				7501DA98254C4A190096F331 /* Sources */,
				7501DA99254C4A190096F331 /* Frameworks */,
				7501DA9A254C4A190096F331 /* Resources */,
			);
			buildRules = (
			);
			dependencies = (
				7501DA9E254C4A190096F331 /* PBXTargetDependency */,
			);
			name = "SSBU GuideUITests";
			productName = "SSBU GuideUITests";
			productReference = 7501DA9C254C4A190096F331 /* SSBU GuideUITests.xctest */;
			productType = "com.apple.product-type.bundle.ui-testing";
		};
/* End PBXNativeTarget section */

/* Begin PBXProject section */
		7501DA73254C4A150096F331 /* Project object */ = {
			isa = PBXProject;
			attributes = {
				LastSwiftUpdateCheck = 1130;
				LastUpgradeCheck = 1130;
				ORGANIZATIONNAME = HobbesApps;
				TargetAttributes = {
					7501DA7A254C4A150096F331 = {
						CreatedOnToolsVersion = 11.3.1;
					};
					7501DA90254C4A190096F331 = {
						CreatedOnToolsVersion = 11.3.1;
						TestTargetID = 7501DA7A254C4A150096F331;
					};
					7501DA9B254C4A190096F331 = {
						CreatedOnToolsVersion = 11.3.1;
						TestTargetID = 7501DA7A254C4A150096F331;
					};
				};
			};
			buildConfigurationList = 7501DA76254C4A150096F331 /* Build configuration list for PBXProject "SSBU Guide" */;
			compatibilityVersion = "Xcode 9.3";
			developmentRegion = en;
			hasScannedForEncodings = 0;
			knownRegions = (
				en,
				Base,
			);
			mainGroup = 7501DA72254C4A150096F331;
			productRefGroup = 7501DA7C254C4A150096F331 /* Products */;
			projectDirPath = "";
			projectRoot = "";
			targets = (
				7501DA7A254C4A150096F331 /* SSBU Guide */,
				7501DA90254C4A190096F331 /* SSBU GuideTests */,
				7501DA9B254C4A190096F331 /* SSBU GuideUITests */,
			);
		};
/* End PBXProject section */

/* Begin PBXResourcesBuildPhase section */
		7501DA79254C4A150096F331 /* Resources */ = {
			isa = PBXResourcesBuildPhase;
			buildActionMask = 2147483647;
			files = (
				7501DA8B254C4A180096F331 /* LaunchScreen.storyboard in Resources */,
				7501DA88254C4A180096F331 /* Assets.xcassets in Resources */,
				7501DA86254C4A150096F331 /* Main.storyboard in Resources */,
			);
			runOnlyForDeploymentPostprocessing = 0;
		};
		7501DA8F254C4A190096F331 /* Resources */ = {
			isa = PBXResourcesBuildPhase;
			buildActionMask = 2147483647;
			files = (
			);
			runOnlyForDeploymentPostprocessing = 0;
		};
		7501DA9A254C4A190096F331 /* Resources */ = {
			isa = PBXResourcesBuildPhase;
			buildActionMask = 2147483647;
			files = (
			);
			runOnlyForDeploymentPostprocessing = 0;
		};
/* End PBXResourcesBuildPhase section */

/* Begin PBXSourcesBuildPhase section */
		7501DA77254C4A150096F331 /* Sources */ = {
			isa = PBXSourcesBuildPhase;
			buildActionMask = 2147483647;
			files = (
				7501DAB9255046A10096F331 /* VCP.swift in Sources */,
				7501DAB7255046900096F331 /* VCK.swift in Sources */,
				7501DAB32550464E0096F331 /* VCS.swift in Sources */,
				7501DA83254C4A150096F331 /* ViewController.swift in Sources */,
				7501DAB1255046310096F331 /* VCDK.swift in Sources */,
				7501DA7F254C4A150096F331 /* AppDelegate.swift in Sources */,
				7501DAAF255046080096F331 /* VCM.swift in Sources */,
				7501DABD255046DD0096F331 /* VCL.swift in Sources */,
				7501DABF255048550096F331 /* VCF.swift in Sources */,
				7501DAB52550467C0096F331 /* VCY.swift in Sources */,
				7501DA81254C4A150096F331 /* SceneDelegate.swift in Sources */,
			);
			runOnlyForDeploymentPostprocessing = 0;
		};
		7501DA8D254C4A190096F331 /* Sources */ = {
			isa = PBXSourcesBuildPhase;
			buildActionMask = 2147483647;
			files = (
				7501DA96254C4A190096F331 /* SSBU_GuideTests.swift in Sources */,
			);
			runOnlyForDeploymentPostprocessing = 0;
		};
		7501DA98254C4A190096F331 /* Sources */ = {
			isa = PBXSourcesBuildPhase;
			buildActionMask = 2147483647;
			files = (
				7501DAA1254C4A190096F331 /* SSBU_GuideUITests.swift in Sources */,
			);
			runOnlyForDeploymentPostprocessing = 0;
		};
/* End PBXSourcesBuildPhase section */

/* Begin PBXTargetDependency section */
		7501DA93254C4A190096F331 /* PBXTargetDependency */ = {
			isa = PBXTargetDependency;
			target = 7501DA7A254C4A150096F331 /* SSBU Guide */;
			targetProxy = 7501DA92254C4A190096F331 /* PBXContainerItemProxy */;
		};
		7501DA9E254C4A190096F331 /* PBXTargetDependency */ = {
			isa = PBXTargetDependency;
			target = 7501DA7A254C4A150096F331 /* SSBU Guide */;
			targetProxy = 7501DA9D254C4A190096F331 /* PBXContainerItemProxy */;
		};
/* End PBXTargetDependency section */

/* Begin PBXVariantGroup section */
		7501DA84254C4A150096F331 /* Main.storyboard */ = {
			isa = PBXVariantGroup;
			children = (
				7501DA85254C4A150096F331 /* Base */,
			);
			name = Main.storyboard;
			sourceTree = "<group>";
		};
		7501DA89254C4A180096F331 /* LaunchScreen.storyboard */ = {
			isa = PBXVariantGroup;
			children = (
				7501DA8A254C4A180096F331 /* Base */,
			);
			name = LaunchScreen.storyboard;
			sourceTree = "<group>";
		};
/* End PBXVariantGroup section */

/* Begin XCBuildConfiguration section */
		7501DAA3254C4A190096F331 /* Debug */ = {
			isa = XCBuildConfiguration;
			buildSettings = {
				ALWAYS_SEARCH_USER_PATHS = NO;
				CLANG_ANALYZER_NONNULL = YES;
				CLANG_ANALYZER_NUMBER_OBJECT_CONVERSION = YES_AGGRESSIVE;
				CLANG_CXX_LANGUAGE_STANDARD = "gnu++14";
				CLANG_CXX_LIBRARY = "libc++";
				CLANG_ENABLE_MODULES = YES;
				CLANG_ENABLE_OBJC_ARC = YES;
				CLANG_ENABLE_OBJC_WEAK = YES;
				CLANG_WARN_BLOCK_CAPTURE_AUTORELEASING = YES;
				CLANG_WARN_BOOL_CONVERSION = YES;
				CLANG_WARN_COMMA = YES;
				CLANG_WARN_CONSTANT_CONVERSION = YES;
				CLANG_WARN_DEPRECATED_OBJC_IMPLEMENTATIONS = YES;
				CLANG_WARN_DIRECT_OBJC_ISA_USAGE = YES_ERROR;
				CLANG_WARN_DOCUMENTATION_COMMENTS = YES;
				CLANG_WARN_EMPTY_BODY = YES;
				CLANG_WARN_ENUM_CONVERSION = YES;
				CLANG_WARN_INFINITE_RECURSION = YES;
				CLANG_WARN_INT_CONVERSION = YES;
				CLANG_WARN_NON_LITERAL_NULL_CONVERSION = YES;
				CLANG_WARN_OBJC_IMPLICIT_RETAIN_SELF = YES;
				CLANG_WARN_OBJC_LITERAL_CONVERSION = YES;
				CLANG_WARN_OBJC_ROOT_CLASS = YES_ERROR;
				CLANG_WARN_RANGE_LOOP_ANALYSIS = YES;
				CLANG_WARN_STRICT_PROTOTYPES = YES;
				CLANG_WARN_SUSPICIOUS_MOVE = YES;
				CLANG_WARN_UNGUARDED_AVAILABILITY = YES_AGGRESSIVE;
				CLANG_WARN_UNREACHABLE_CODE = YES;
				CLANG_WARN__DUPLICATE_METHOD_MATCH = YES;
				COPY_PHASE_STRIP = NO;
				DEBUG_INFORMATION_FORMAT = dwarf;
				ENABLE_STRICT_OBJC_MSGSEND = YES;
				ENABLE_TESTABILITY = YES;
				GCC_C_LANGUAGE_STANDARD = gnu11;
				GCC_DYNAMIC_NO_PIC = NO;
				GCC_NO_COMMON_BLOCKS = YES;
				GCC_OPTIMIZATION_LEVEL = 0;
				GCC_PREPROCESSOR_DEFINITIONS = (
					"DEBUG=1",
					"$(inherited)",
				);
				GCC_WARN_64_TO_32_BIT_CONVERSION = YES;
				GCC_WARN_ABOUT_RETURN_TYPE = YES_ERROR;
				GCC_WARN_UNDECLARED_SELECTOR = YES;
				GCC_WARN_UNINITIALIZED_AUTOS = YES_AGGRESSIVE;
				GCC_WARN_UNUSED_FUNCTION = YES;
				GCC_WARN_UNUSED_VARIABLE = YES;
				IPHONEOS_DEPLOYMENT_TARGET = 13.2;
				MTL_ENABLE_DEBUG_INFO = INCLUDE_SOURCE;
				MTL_FAST_MATH = YES;
				ONLY_ACTIVE_ARCH = YES;
				SDKROOT = iphoneos;
				SWIFT_ACTIVE_COMPILATION_CONDITIONS = DEBUG;
				SWIFT_OPTIMIZATION_LEVEL = "-Onone";
			};
			name = Debug;
		};
		7501DAA4254C4A190096F331 /* Release */ = {
			isa = XCBuildConfiguration;
			buildSettings = {
				ALWAYS_SEARCH_USER_PATHS = NO;
				CLANG_ANALYZER_NONNULL = YES;
				CLANG_ANALYZER_NUMBER_OBJECT_CONVERSION = YES_AGGRESSIVE;
				CLANG_CXX_LANGUAGE_STANDARD = "gnu++14";
				CLANG_CXX_LIBRARY = "libc++";
				CLANG_ENABLE_MODULES = YES;
				CLANG_ENABLE_OBJC_ARC = YES;
				CLANG_ENABLE_OBJC_WEAK = YES;
				CLANG_WARN_BLOCK_CAPTURE_AUTORELEASING = YES;
				CLANG_WARN_BOOL_CONVERSION = YES;
				CLANG_WARN_COMMA = YES;
				CLANG_WARN_CONSTANT_CONVERSION = YES;
				CLANG_WARN_DEPRECATED_OBJC_IMPLEMENTATIONS = YES;
				CLANG_WARN_DIRECT_OBJC_ISA_USAGE = YES_ERROR;
				CLANG_WARN_DOCUMENTATION_COMMENTS = YES;
				CLANG_WARN_EMPTY_BODY = YES;
				CLANG_WARN_ENUM_CONVERSION = YES;
				CLANG_WARN_INFINITE_RECURSION = YES;
				CLANG_WARN_INT_CONVERSION = YES;
				CLANG_WARN_NON_LITERAL_NULL_CONVERSION = YES;
				CLANG_WARN_OBJC_IMPLICIT_RETAIN_SELF = YES;
				CLANG_WARN_OBJC_LITERAL_CONVERSION = YES;
				CLANG_WARN_OBJC_ROOT_CLASS = YES_ERROR;
				CLANG_WARN_RANGE_LOOP_ANALYSIS = YES;
				CLANG_WARN_STRICT_PROTOTYPES = YES;
				CLANG_WARN_SUSPICIOUS_MOVE = YES;
				CLANG_WARN_UNGUARDED_AVAILABILITY = YES_AGGRESSIVE;
				CLANG_WARN_UNREACHABLE_CODE = YES;
				CLANG_WARN__DUPLICATE_METHOD_MATCH = YES;
				COPY_PHASE_STRIP = NO;
				DEBUG_INFORMATION_FORMAT = "dwarf-with-dsym";
				ENABLE_NS_ASSERTIONS = NO;
				ENABLE_STRICT_OBJC_MSGSEND = YES;
				GCC_C_LANGUAGE_STANDARD = gnu11;
				GCC_NO_COMMON_BLOCKS = YES;
				GCC_WARN_64_TO_32_BIT_CONVERSION = YES;
				GCC_WARN_ABOUT_RETURN_TYPE = YES_ERROR;
				GCC_WARN_UNDECLARED_SELECTOR = YES;
				GCC_WARN_UNINITIALIZED_AUTOS = YES_AGGRESSIVE;
				GCC_WARN_UNUSED_FUNCTION = YES;
				GCC_WARN_UNUSED_VARIABLE = YES;
				IPHONEOS_DEPLOYMENT_TARGET = 13.2;
				MTL_ENABLE_DEBUG_INFO = NO;
				MTL_FAST_MATH = YES;
				SDKROOT = iphoneos;
				SWIFT_COMPILATION_MODE = wholemodule;
				SWIFT_OPTIMIZATION_LEVEL = "-O";
				VALIDATE_PRODUCT = YES;
			};
			name = Release;
		};
		7501DAA6254C4A190096F331 /* Debug */ = {
			isa = XCBuildConfiguration;
			buildSettings = {
				ASSETCATALOG_COMPILER_APPICON_NAME = AppIcon;
				CODE_SIGN_STYLE = Automatic;
				INFOPLIST_FILE = "SSBU Guide/Info.plist";
				LD_RUNPATH_SEARCH_PATHS = (
					"$(inherited)",
					"@executable_path/Frameworks",
				);
				PRODUCT_BUNDLE_IDENTIFIER = "com.HobbesApss.SSBU-Guide";
				PRODUCT_NAME = "$(TARGET_NAME)";
				SWIFT_VERSION = 5.0;
				TARGETED_DEVICE_FAMILY = "1,2";
			};
			name = Debug;
		};
		7501DAA7254C4A190096F331 /* Release */ = {
			isa = XCBuildConfiguration;
			buildSettings = {
				ASSETCATALOG_COMPILER_APPICON_NAME = AppIcon;
				CODE_SIGN_STYLE = Automatic;
				INFOPLIST_FILE = "SSBU Guide/Info.plist";
				LD_RUNPATH_SEARCH_PATHS = (
					"$(inherited)",
					"@executable_path/Frameworks",
				);
				PRODUCT_BUNDLE_IDENTIFIER = "com.HobbesApss.SSBU-Guide";
				PRODUCT_NAME = "$(TARGET_NAME)";
				SWIFT_VERSION = 5.0;
				TARGETED_DEVICE_FAMILY = "1,2";
			};
			name = Release;
		};
		7501DAA9254C4A190096F331 /* Debug */ = {
			isa = XCBuildConfiguration;
			buildSettings = {
				ALWAYS_EMBED_SWIFT_STANDARD_LIBRARIES = YES;
				BUNDLE_LOADER = "$(TEST_HOST)";
				CODE_SIGN_STYLE = Automatic;
				INFOPLIST_FILE = "SSBU GuideTests/Info.plist";
				IPHONEOS_DEPLOYMENT_TARGET = 13.2;
				LD_RUNPATH_SEARCH_PATHS = (
					"$(inherited)",
					"@executable_path/Frameworks",
					"@loader_path/Frameworks",
				);
				PRODUCT_BUNDLE_IDENTIFIER = "com.HobbesApss.SSBU-GuideTests";
				PRODUCT_NAME = "$(TARGET_NAME)";
				SWIFT_VERSION = 5.0;
				TARGETED_DEVICE_FAMILY = "1,2";
				TEST_HOST = "$(BUILT_PRODUCTS_DIR)/SSBU Guide.app/SSBU Guide";
			};
			name = Debug;
		};
		7501DAAA254C4A190096F331 /* Release */ = {
			isa = XCBuildConfiguration;
			buildSettings = {
				ALWAYS_EMBED_SWIFT_STANDARD_LIBRARIES = YES;
				BUNDLE_LOADER = "$(TEST_HOST)";
				CODE_SIGN_STYLE = Automatic;
				INFOPLIST_FILE = "SSBU GuideTests/Info.plist";
				IPHONEOS_DEPLOYMENT_TARGET = 13.2;
				LD_RUNPATH_SEARCH_PATHS = (
					"$(inherited)",
					"@executable_path/Frameworks",
					"@loader_path/Frameworks",
				);
				PRODUCT_BUNDLE_IDENTIFIER = "com.HobbesApss.SSBU-GuideTests";
				PRODUCT_NAME = "$(TARGET_NAME)";
				SWIFT_VERSION = 5.0;
				TARGETED_DEVICE_FAMILY = "1,2";
				TEST_HOST = "$(BUILT_PRODUCTS_DIR)/SSBU Guide.app/SSBU Guide";
			};
			name = Release;
		};
		7501DAAC254C4A190096F331 /* Debug */ = {
			isa = XCBuildConfiguration;
			buildSettings = {
				ALWAYS_EMBED_SWIFT_STANDARD_LIBRARIES = YES;
				CODE_SIGN_STYLE = Automatic;
				INFOPLIST_FILE = "SSBU GuideUITests/Info.plist";
				LD_RUNPATH_SEARCH_PATHS = (
					"$(inherited)",
					"@executable_path/Frameworks",
					"@loader_path/Frameworks",
				);
				PRODUCT_BUNDLE_IDENTIFIER = "com.HobbesApss.SSBU-GuideUITests";
				PRODUCT_NAME = "$(TARGET_NAME)";
				SWIFT_VERSION = 5.0;
				TARGETED_DEVICE_FAMILY = "1,2";
				TEST_TARGET_NAME = "SSBU Guide";
			};
			name = Debug;
		};
		7501DAAD254C4A190096F331 /* Release */ = {
			isa = XCBuildConfiguration;
			buildSettings = {
				ALWAYS_EMBED_SWIFT_STANDARD_LIBRARIES = YES;
				CODE_SIGN_STYLE = Automatic;
				INFOPLIST_FILE = "SSBU GuideUITests/Info.plist";
				LD_RUNPATH_SEARCH_PATHS = (
					"$(inherited)",
					"@executable_path/Frameworks",
					"@loader_path/Frameworks",
				);
				PRODUCT_BUNDLE_IDENTIFIER = "com.HobbesApss.SSBU-GuideUITests";
				PRODUCT_NAME = "$(TARGET_NAME)";
				SWIFT_VERSION = 5.0;
				TARGETED_DEVICE_FAMILY = "1,2";
				TEST_TARGET_NAME = "SSBU Guide";
			};
			name = Release;
		};
/* End XCBuildConfiguration section */

/* Begin XCConfigurationList section */
		7501DA76254C4A150096F331 /* Build configuration list for PBXProject "SSBU Guide" */ = {
			isa = XCConfigurationList;
			buildConfigurations = (
				7501DAA3254C4A190096F331 /* Debug */,
				7501DAA4254C4A190096F331 /* Release */,
			);
			defaultConfigurationIsVisible = 0;
			defaultConfigurationName = Release;
		};
		7501DAA5254C4A190096F331 /* Build configuration list for PBXNativeTarget "SSBU Guide" */ = {
			isa = XCConfigurationList;
			buildConfigurations = (
				7501DAA6254C4A190096F331 /* Debug */,
				7501DAA7254C4A190096F331 /* Release */,
			);
			defaultConfigurationIsVisible = 0;
			defaultConfigurationName = Release;
		};
		7501DAA8254C4A190096F331 /* Build configuration list for PBXNativeTarget "SSBU GuideTests" */ = {
			isa = XCConfigurationList;
			buildConfigurations = (
				7501DAA9254C4A190096F331 /* Debug */,
				7501DAAA254C4A190096F331 /* Release */,
			);
			defaultConfigurationIsVisible = 0;
			defaultConfigurationName = Release;
		};
		7501DAAB254C4A190096F331 /* Build configuration list for PBXNativeTarget "SSBU GuideUITests" */ = {
			isa = XCConfigurationList;
			buildConfigurations = (
				7501DAAC254C4A190096F331 /* Debug */,
				7501DAAD254C4A190096F331 /* Release */,
			);
			defaultConfigurationIsVisible = 0;
			defaultConfigurationName = Release;
		};
/* End XCConfigurationList section */
	};
	rootObject = 7501DA73254C4A150096F331 /* Project object */;
}
